
Microsoft Visual Studio Solution File, Format Version 12.00
# Visual Studio 14
VisualStudioVersion = 14.0.25123.0
MinimumVisualStudioVersion = 10.0.40219.1
Project("{FAE04EC0-301F-11D3-BF4B-00C04F79EFBC}") = "Connection.Internal", "Connection.Internal\Connection.Internal.csproj", "{331363E1-A12B-47A0-A5BF-70E60E90C8BF}"
EndProject
Project("{FAE04EC0-301F-11D3-BF4B-00C04F79EFBC}") = "Connection.S7IsoTCP", "Connection.S7IsoTCP\Connection.S7IsoTCP.csproj", "{82AD01D5-1CA4-476C-B306-ECEEE59F9A48}"
EndProject
Project("{FAE04EC0-301F-11D3-BF4B-00C04F79EFBC}") = "Connection.S7PLCSim", "Connection.S7PLCSim\Connection.S7PLCSim.csproj", "{046C1760-CF46-4848-9DBC-7A46FEB12544}"
EndProject
Project("{FAE04EC0-301F-11D3-BF4B-00C04F79EFBC}") = "Converter.Compare", "Converter.Compare\Converter.Compare.csproj", "{3FCAF63A-59ED-4EB0-99FA-2C0FD68C7A78}"
EndProject
Project("{FAE04EC0-301F-11D3-BF4B-00C04F79EFBC}") = "Converter.FilterExp", "Converter.FilterExp\Converter.FilterExp.csproj", "{96D86D8C-82F9-4E8D-9D74-5E24331FE160}"
EndProject
Project("{FAE04EC0-301F-11D3-BF4B-00C04F79EFBC}") = "Converter.Inverse", "Converter.Inverse\Converter.Inverse.csproj", "{A1F26EE5-2C19-452C-BB66-A85172EAFCA5}"
EndProject
Project("{FAE04EC0-301F-11D3-BF4B-00C04F79EFBC}") = "Converter.Round", "Converter.Round\Converter.Round.csproj", "{1913A054-8586-477A-B80C-E57EB1A69DCF}"
EndProject
Project("{FAE04EC0-301F-11D3-BF4B-00C04F79EFBC}") = "Converter.Scale", "Converter.Scale\Converter.Scale.csproj", "{754EDFB2-D81B-4593-9206-E5BAA9A3D562}"
EndProject
Project("{FAE04EC0-301F-11D3-BF4B-00C04F79EFBC}") = "SimulationObject.Binary.Delay", "SimulationObject.Binary.Delay\SimulationObject.Binary.Delay.csproj", "{C767490B-B6DA-4486-837E-87F405DE225C}"
EndProject
Project("{FAE04EC0-301F-11D3-BF4B-00C04F79EFBC}") = "SimulationObject.Binary.Logic", "SimulationObject.Binary.Logic\SimulationObject.Binary.Logic.csproj", "{CA00C406-7CBB-4FE3-8A17-6D717EDBC17A}"
EndProject
Project("{FAE04EC0-301F-11D3-BF4B-00C04F79EFBC}") = "SimulationObject.Binary.Trigger", "SimulationObject.Binary.Trigger\SimulationObject.Binary.Trigger.csproj", "{A2ABAC09-0303-4E64-85A2-9E7624983316}"
EndProject
Project("{FAE04EC0-301F-11D3-BF4B-00C04F79EFBC}") = "SimulationObject.Item.ArraySplitter", "SimulationObject.Item.ArraySplitter\SimulationObject.Item.ArraySplitter.csproj", "{48F29C04-DE17-4104-8130-8661026879B3}"
EndProject
Project("{FAE04EC0-301F-11D3-BF4B-00C04F79EFBC}") = "SimulationObject.Item.BitSplitter", "SimulationObject.Item.BitSplitter\SimulationObject.Item.BitSplitter.csproj", "{5E9035AD-7AB2-4453-918B-CB3E81B76291}"
EndProject
Project("{FAE04EC0-301F-11D3-BF4B-00C04F79EFBC}") = "SimulationObject.Item.Delay", "SimulationObject.Item.Delay\SimulationObject.Item.Delay.csproj", "{5982866A-F872-4D99-BF22-C8340CC94311}"
EndProject
Project("{FAE04EC0-301F-11D3-BF4B-00C04F79EFBC}") = "SimulationObject.Item.TimeLine", "SimulationObject.Item.TimeLine\SimulationObject.Item.TimeLine.csproj", "{02E21FF6-3F54-414F-94DB-88D9AF044F66}"
EndProject
Project("{FAE04EC0-301F-11D3-BF4B-00C04F79EFBC}") = "SimulationObject.Pipeline.Pump", "SimulationObject.Pipeline.Pump\SimulationObject.Pipeline.Pump.csproj", "{B4196DFD-3A34-4F9A-BF91-99892E2AC0AE}"
EndProject
Project("{FAE04EC0-301F-11D3-BF4B-00C04F79EFBC}") = "SimulationObject.Pipeline.Valve", "SimulationObject.Pipeline.Valve\SimulationObject.Pipeline.Valve.csproj", "{C90960D6-9300-42CA-9AF0-91DE17DB12FF}"
EndProject
Project("{FAE04EC0-301F-11D3-BF4B-00C04F79EFBC}") = "SimulationObject.Real.Calculator", "SimulationObject.Real.Calculator\SimulationObject.Real.Calculator.csproj", "{E7D91100-77BA-4F8A-AD57-434F27C0FAA1}"
EndProject
Project("{FAE04EC0-301F-11D3-BF4B-00C04F79EFBC}") = "SimulationObject.Real.Comparator", "SimulationObject.Real.Comparator\SimulationObject.Real.Comparator.csproj", "{6472B0B0-2B94-45C9-BFD8-AD26A0AA0CB1}"
EndProject
Project("{FAE04EC0-301F-11D3-BF4B-00C04F79EFBC}") = "SimulationObject.Real.Generator", "SimulationObject.Real.Generator\SimulationObject.Real.Generator.csproj", "{7894DD05-2CA9-44BE-AE68-01817098BB80}"
EndProject
Project("{FAE04EC0-301F-11D3-BF4B-00C04F79EFBC}") = "SimulationObject.Real.Lag", "SimulationObject.Real.Lag\SimulationObject.Real.Lag.csproj", "{AD578FF2-CD70-4E9D-BD68-A5EFC3609F46}"
EndProject
Project("{FAE04EC0-301F-11D3-BF4B-00C04F79EFBC}") = "SimulationObject.Real.Scale", "SimulationObject.Real.Scale\SimulationObject.Real.Scale.csproj", "{E41B8E50-B014-41A0-B7B6-D011F887EA3F}"
EndProject
Project("{FAE04EC0-301F-11D3-BF4B-00C04F79EFBC}") = "SimulationObject.Real.XYDependency", "SimulationObject.Real.XYDependency\SimulationObject.Real.XYDependency.csproj", "{D5113013-701B-4F6A-AE90-02AA55AE2FF5}"
EndProject
Project("{FAE04EC0-301F-11D3-BF4B-00C04F79EFBC}") = "SimulationObject.Robot.SixAxis", "SimulationObject.Robot.SixAxis\SimulationObject.Robot.SixAxis.csproj", "{F749831C-D2DF-4E5B-ACA7-91D9CD60AC97}"
EndProject
Project("{FAE04EC0-301F-11D3-BF4B-00C04F79EFBC}") = "SimulationObject.Script.CSharp", "SimulationObject.Script.CSharp\SimulationObject.Script.CSharp.csproj", "{2FE7D52E-B38B-46C6-8C2D-A6D14D9C3B0D}"
EndProject
Project("{FAE04EC0-301F-11D3-BF4B-00C04F79EFBC}") = "SimulationObject.Sensor.Analog", "SimulationObject.Sensor.Analog\SimulationObject.Sensor.Analog.csproj", "{1B18B4E8-7171-4AB3-9E89-588723B59D28}"
EndProject
Project("{FAE04EC0-301F-11D3-BF4B-00C04F79EFBC}") = "SimulationObject.Sensor.Discrete", "SimulationObject.Sensor.Discrete\SimulationObject.Sensor.Discrete.csproj", "{A0100BE5-A702-42D9-8B84-2DD4CE5782C6}"
EndProject
Project("{FAE04EC0-301F-11D3-BF4B-00C04F79EFBC}") = "Converter.ToString", "Converter.ToString\Converter.ToString.csproj", "{8A99D98D-B282-44B9-B058-4505226EF7B1}"
EndProject
Project("{FAE04EC0-301F-11D3-BF4B-00C04F79EFBC}") = "Connection.MQTT", "Connection.MQTT\Connection.MQTT.csproj", "{6FE628F6-DB51-4F17-8202-46B440EB561F}"
EndProject
Project("{FAE04EC0-301F-11D3-BF4B-00C04F79EFBC}") = "SimulationObject.Animation.ImageMove", "SimulationObject.Animation.ImageMove\SimulationObject.Animation.ImageMove.csproj", "{7C394224-E83B-48AE-91EF-78E33FA10710}"
EndProject
Project("{FAE04EC0-301F-11D3-BF4B-00C04F79EFBC}") = "SimulationObject.Item.WriteToFile", "SimulationObject.Item.WriteToFile\SimulationObject.Item.WriteToFile.csproj", "{078EACF7-A032-45D2-BE06-12D1A029DEF1}"
EndProject
Global
	GlobalSection(SolutionConfigurationPlatforms) = preSolution
		Debug|Any CPU = Debug|Any CPU
		Debug|x86 = Debug|x86
		Release|Any CPU = Release|Any CPU
		Release|x86 = Release|x86
	EndGlobalSection
	GlobalSection(ProjectConfigurationPlatforms) = postSolution
		{331363E1-A12B-47A0-A5BF-70E60E90C8BF}.Debug|Any CPU.ActiveCfg = Debug|x86
		{331363E1-A12B-47A0-A5BF-70E60E90C8BF}.Debug|x86.ActiveCfg = Debug|x86
		{331363E1-A12B-47A0-A5BF-70E60E90C8BF}.Debug|x86.Build.0 = Debug|x86
		{331363E1-A12B-47A0-A5BF-70E60E90C8BF}.Release|Any CPU.ActiveCfg = Release|x86
		{331363E1-A12B-47A0-A5BF-70E60E90C8BF}.Release|x86.ActiveCfg = Release|x86
		{331363E1-A12B-47A0-A5BF-70E60E90C8BF}.Release|x86.Build.0 = Release|x86
		{82AD01D5-1CA4-476C-B306-ECEEE59F9A48}.Debug|Any CPU.ActiveCfg = Debug|x86
		{82AD01D5-1CA4-476C-B306-ECEEE59F9A48}.Debug|x86.ActiveCfg = Debug|x86
		{82AD01D5-1CA4-476C-B306-ECEEE59F9A48}.Debug|x86.Build.0 = Debug|x86
		{82AD01D5-1CA4-476C-B306-ECEEE59F9A48}.Release|Any CPU.ActiveCfg = Release|x86
		{82AD01D5-1CA4-476C-B306-ECEEE59F9A48}.Release|x86.ActiveCfg = Release|x86
		{82AD01D5-1CA4-476C-B306-ECEEE59F9A48}.Release|x86.Build.0 = Release|x86
		{046C1760-CF46-4848-9DBC-7A46FEB12544}.Debug|Any CPU.ActiveCfg = Debug|x86
		{046C1760-CF46-4848-9DBC-7A46FEB12544}.Debug|x86.ActiveCfg = Debug|x86
		{046C1760-CF46-4848-9DBC-7A46FEB12544}.Debug|x86.Build.0 = Debug|x86
		{046C1760-CF46-4848-9DBC-7A46FEB12544}.Release|Any CPU.ActiveCfg = Release|x86
		{046C1760-CF46-4848-9DBC-7A46FEB12544}.Release|x86.ActiveCfg = Release|x86
		{046C1760-CF46-4848-9DBC-7A46FEB12544}.Release|x86.Build.0 = Release|x86
		{3FCAF63A-59ED-4EB0-99FA-2C0FD68C7A78}.Debug|Any CPU.ActiveCfg = Debug|x86
		{3FCAF63A-59ED-4EB0-99FA-2C0FD68C7A78}.Debug|x86.ActiveCfg = Debug|x86
		{3FCAF63A-59ED-4EB0-99FA-2C0FD68C7A78}.Debug|x86.Build.0 = Debug|x86
		{3FCAF63A-59ED-4EB0-99FA-2C0FD68C7A78}.Release|Any CPU.ActiveCfg = Release|x86
		{3FCAF63A-59ED-4EB0-99FA-2C0FD68C7A78}.Release|x86.ActiveCfg = Release|x86
		{3FCAF63A-59ED-4EB0-99FA-2C0FD68C7A78}.Release|x86.Build.0 = Release|x86
		{96D86D8C-82F9-4E8D-9D74-5E24331FE160}.Debug|Any CPU.ActiveCfg = Debug|x86
		{96D86D8C-82F9-4E8D-9D74-5E24331FE160}.Debug|x86.ActiveCfg = Debug|x86
		{96D86D8C-82F9-4E8D-9D74-5E24331FE160}.Debug|x86.Build.0 = Debug|x86
		{96D86D8C-82F9-4E8D-9D74-5E24331FE160}.Release|Any CPU.ActiveCfg = Release|x86
		{96D86D8C-82F9-4E8D-9D74-5E24331FE160}.Release|x86.ActiveCfg = Release|x86
		{96D86D8C-82F9-4E8D-9D74-5E24331FE160}.Release|x86.Build.0 = Release|x86
		{A1F26EE5-2C19-452C-BB66-A85172EAFCA5}.Debug|Any CPU.ActiveCfg = Debug|x86
		{A1F26EE5-2C19-452C-BB66-A85172EAFCA5}.Debug|x86.ActiveCfg = Debug|x86
		{A1F26EE5-2C19-452C-BB66-A85172EAFCA5}.Debug|x86.Build.0 = Debug|x86
		{A1F26EE5-2C19-452C-BB66-A85172EAFCA5}.Release|Any CPU.ActiveCfg = Release|x86
		{A1F26EE5-2C19-452C-BB66-A85172EAFCA5}.Release|x86.ActiveCfg = Release|x86
		{A1F26EE5-2C19-452C-BB66-A85172EAFCA5}.Release|x86.Build.0 = Release|x86
		{1913A054-8586-477A-B80C-E57EB1A69DCF}.Debug|Any CPU.ActiveCfg = Debug|x86
		{1913A054-8586-477A-B80C-E57EB1A69DCF}.Debug|x86.ActiveCfg = Debug|x86
		{1913A054-8586-477A-B80C-E57EB1A69DCF}.Debug|x86.Build.0 = Debug|x86
		{1913A054-8586-477A-B80C-E57EB1A69DCF}.Release|Any CPU.ActiveCfg = Release|x86
		{1913A054-8586-477A-B80C-E57EB1A69DCF}.Release|x86.ActiveCfg = Release|x86
		{1913A054-8586-477A-B80C-E57EB1A69DCF}.Release|x86.Build.0 = Release|x86
		{754EDFB2-D81B-4593-9206-E5BAA9A3D562}.Debug|Any CPU.ActiveCfg = Debug|x86
		{754EDFB2-D81B-4593-9206-E5BAA9A3D562}.Debug|x86.ActiveCfg = Debug|x86
		{754EDFB2-D81B-4593-9206-E5BAA9A3D562}.Debug|x86.Build.0 = Debug|x86
		{754EDFB2-D81B-4593-9206-E5BAA9A3D562}.Release|Any CPU.ActiveCfg = Release|x86
		{754EDFB2-D81B-4593-9206-E5BAA9A3D562}.Release|x86.ActiveCfg = Release|x86
		{754EDFB2-D81B-4593-9206-E5BAA9A3D562}.Release|x86.Build.0 = Release|x86
		{C767490B-B6DA-4486-837E-87F405DE225C}.Debug|Any CPU.ActiveCfg = Debug|x86
		{C767490B-B6DA-4486-837E-87F405DE225C}.Debug|x86.ActiveCfg = Debug|x86
		{C767490B-B6DA-4486-837E-87F405DE225C}.Debug|x86.Build.0 = Debug|x86
		{C767490B-B6DA-4486-837E-87F405DE225C}.Release|Any CPU.ActiveCfg = Release|x86
		{C767490B-B6DA-4486-837E-87F405DE225C}.Release|x86.ActiveCfg = Release|x86
		{C767490B-B6DA-4486-837E-87F405DE225C}.Release|x86.Build.0 = Release|x86
		{CA00C406-7CBB-4FE3-8A17-6D717EDBC17A}.Debug|Any CPU.ActiveCfg = Debug|x86
		{CA00C406-7CBB-4FE3-8A17-6D717EDBC17A}.Debug|x86.ActiveCfg = Debug|x86
		{CA00C406-7CBB-4FE3-8A17-6D717EDBC17A}.Debug|x86.Build.0 = Debug|x86
		{CA00C406-7CBB-4FE3-8A17-6D717EDBC17A}.Release|Any CPU.ActiveCfg = Release|x86
		{CA00C406-7CBB-4FE3-8A17-6D717EDBC17A}.Release|x86.ActiveCfg = Release|x86
		{CA00C406-7CBB-4FE3-8A17-6D717EDBC17A}.Release|x86.Build.0 = Release|x86
		{A2ABAC09-0303-4E64-85A2-9E7624983316}.Debug|Any CPU.ActiveCfg = Debug|x86
		{A2ABAC09-0303-4E64-85A2-9E7624983316}.Debug|x86.ActiveCfg = Debug|x86
		{A2ABAC09-0303-4E64-85A2-9E7624983316}.Debug|x86.Build.0 = Debug|x86
		{A2ABAC09-0303-4E64-85A2-9E7624983316}.Release|Any CPU.ActiveCfg = Release|x86
		{A2ABAC09-0303-4E64-85A2-9E7624983316}.Release|x86.ActiveCfg = Release|x86
		{A2ABAC09-0303-4E64-85A2-9E7624983316}.Release|x86.Build.0 = Release|x86
		{48F29C04-DE17-4104-8130-8661026879B3}.Debug|Any CPU.ActiveCfg = Debug|x86
		{48F29C04-DE17-4104-8130-8661026879B3}.Debug|x86.ActiveCfg = Debug|x86
		{48F29C04-DE17-4104-8130-8661026879B3}.Debug|x86.Build.0 = Debug|x86
		{48F29C04-DE17-4104-8130-8661026879B3}.Release|Any CPU.ActiveCfg = Release|x86
		{48F29C04-DE17-4104-8130-8661026879B3}.Release|x86.ActiveCfg = Release|x86
		{48F29C04-DE17-4104-8130-8661026879B3}.Release|x86.Build.0 = Release|x86
		{5E9035AD-7AB2-4453-918B-CB3E81B76291}.Debug|Any CPU.ActiveCfg = Debug|x86
		{5E9035AD-7AB2-4453-918B-CB3E81B76291}.Debug|x86.ActiveCfg = Debug|x86
		{5E9035AD-7AB2-4453-918B-CB3E81B76291}.Debug|x86.Build.0 = Debug|x86
		{5E9035AD-7AB2-4453-918B-CB3E81B76291}.Release|Any CPU.ActiveCfg = Release|x86
		{5E9035AD-7AB2-4453-918B-CB3E81B76291}.Release|x86.ActiveCfg = Release|x86
		{5E9035AD-7AB2-4453-918B-CB3E81B76291}.Release|x86.Build.0 = Release|x86
		{5982866A-F872-4D99-BF22-C8340CC94311}.Debug|Any CPU.ActiveCfg = Debug|x86
		{5982866A-F872-4D99-BF22-C8340CC94311}.Debug|x86.ActiveCfg = Debug|x86
		{5982866A-F872-4D99-BF22-C8340CC94311}.Debug|x86.Build.0 = Debug|x86
		{5982866A-F872-4D99-BF22-C8340CC94311}.Release|Any CPU.ActiveCfg = Release|x86
		{5982866A-F872-4D99-BF22-C8340CC94311}.Release|x86.ActiveCfg = Release|x86
		{5982866A-F872-4D99-BF22-C8340CC94311}.Release|x86.Build.0 = Release|x86
		{02E21FF6-3F54-414F-94DB-88D9AF044F66}.Debug|Any CPU.ActiveCfg = Debug|x86
		{02E21FF6-3F54-414F-94DB-88D9AF044F66}.Debug|x86.ActiveCfg = Debug|x86
		{02E21FF6-3F54-414F-94DB-88D9AF044F66}.Debug|x86.Build.0 = Debug|x86
		{02E21FF6-3F54-414F-94DB-88D9AF044F66}.Release|Any CPU.ActiveCfg = Release|x86
		{02E21FF6-3F54-414F-94DB-88D9AF044F66}.Release|x86.ActiveCfg = Release|x86
		{02E21FF6-3F54-414F-94DB-88D9AF044F66}.Release|x86.Build.0 = Release|x86
		{B4196DFD-3A34-4F9A-BF91-99892E2AC0AE}.Debug|Any CPU.ActiveCfg = Debug|x86
		{B4196DFD-3A34-4F9A-BF91-99892E2AC0AE}.Debug|x86.ActiveCfg = Debug|x86
		{B4196DFD-3A34-4F9A-BF91-99892E2AC0AE}.Debug|x86.Build.0 = Debug|x86
		{B4196DFD-3A34-4F9A-BF91-99892E2AC0AE}.Release|Any CPU.ActiveCfg = Release|x86
		{B4196DFD-3A34-4F9A-BF91-99892E2AC0AE}.Release|x86.ActiveCfg = Release|x86
		{B4196DFD-3A34-4F9A-BF91-99892E2AC0AE}.Release|x86.Build.0 = Release|x86
		{C90960D6-9300-42CA-9AF0-91DE17DB12FF}.Debug|Any CPU.ActiveCfg = Debug|x86
		{C90960D6-9300-42CA-9AF0-91DE17DB12FF}.Debug|x86.ActiveCfg = Debug|x86
		{C90960D6-9300-42CA-9AF0-91DE17DB12FF}.Debug|x86.Build.0 = Debug|x86
		{C90960D6-9300-42CA-9AF0-91DE17DB12FF}.Release|Any CPU.ActiveCfg = Release|x86
		{C90960D6-9300-42CA-9AF0-91DE17DB12FF}.Release|x86.ActiveCfg = Release|x86
		{C90960D6-9300-42CA-9AF0-91DE17DB12FF}.Release|x86.Build.0 = Release|x86
		{E7D91100-77BA-4F8A-AD57-434F27C0FAA1}.Debug|Any CPU.ActiveCfg = Debug|x86
		{E7D91100-77BA-4F8A-AD57-434F27C0FAA1}.Debug|x86.ActiveCfg = Debug|x86
		{E7D91100-77BA-4F8A-AD57-434F27C0FAA1}.Debug|x86.Build.0 = Debug|x86
		{E7D91100-77BA-4F8A-AD57-434F27C0FAA1}.Release|Any CPU.ActiveCfg = Release|x86
		{E7D91100-77BA-4F8A-AD57-434F27C0FAA1}.Release|x86.ActiveCfg = Release|x86
		{E7D91100-77BA-4F8A-AD57-434F27C0FAA1}.Release|x86.Build.0 = Release|x86
		{6472B0B0-2B94-45C9-BFD8-AD26A0AA0CB1}.Debug|Any CPU.ActiveCfg = Debug|x86
		{6472B0B0-2B94-45C9-BFD8-AD26A0AA0CB1}.Debug|x86.ActiveCfg = Debug|x86
		{6472B0B0-2B94-45C9-BFD8-AD26A0AA0CB1}.Debug|x86.Build.0 = Debug|x86
		{6472B0B0-2B94-45C9-BFD8-AD26A0AA0CB1}.Release|Any CPU.ActiveCfg = Release|x86
		{6472B0B0-2B94-45C9-BFD8-AD26A0AA0CB1}.Release|x86.ActiveCfg = Release|x86
		{6472B0B0-2B94-45C9-BFD8-AD26A0AA0CB1}.Release|x86.Build.0 = Release|x86
		{7894DD05-2CA9-44BE-AE68-01817098BB80}.Debug|Any CPU.ActiveCfg = Debug|x86
		{7894DD05-2CA9-44BE-AE68-01817098BB80}.Debug|x86.ActiveCfg = Debug|x86
		{7894DD05-2CA9-44BE-AE68-01817098BB80}.Debug|x86.Build.0 = Debug|x86
		{7894DD05-2CA9-44BE-AE68-01817098BB80}.Release|Any CPU.ActiveCfg = Release|x86
		{7894DD05-2CA9-44BE-AE68-01817098BB80}.Release|x86.ActiveCfg = Release|x86
		{7894DD05-2CA9-44BE-AE68-01817098BB80}.Release|x86.Build.0 = Release|x86
		{AD578FF2-CD70-4E9D-BD68-A5EFC3609F46}.Debug|Any CPU.ActiveCfg = Debug|x86
		{AD578FF2-CD70-4E9D-BD68-A5EFC3609F46}.Debug|x86.ActiveCfg = Debug|x86
		{AD578FF2-CD70-4E9D-BD68-A5EFC3609F46}.Debug|x86.Build.0 = Debug|x86
		{AD578FF2-CD70-4E9D-BD68-A5EFC3609F46}.Release|Any CPU.ActiveCfg = Release|x86
		{AD578FF2-CD70-4E9D-BD68-A5EFC3609F46}.Release|x86.ActiveCfg = Release|x86
		{AD578FF2-CD70-4E9D-BD68-A5EFC3609F46}.Release|x86.Build.0 = Release|x86
		{E41B8E50-B014-41A0-B7B6-D011F887EA3F}.Debug|Any CPU.ActiveCfg = Debug|x86
		{E41B8E50-B014-41A0-B7B6-D011F887EA3F}.Debug|x86.ActiveCfg = Debug|x86
		{E41B8E50-B014-41A0-B7B6-D011F887EA3F}.Debug|x86.Build.0 = Debug|x86
		{E41B8E50-B014-41A0-B7B6-D011F887EA3F}.Release|Any CPU.ActiveCfg = Release|x86
		{E41B8E50-B014-41A0-B7B6-D011F887EA3F}.Release|x86.ActiveCfg = Release|x86
		{E41B8E50-B014-41A0-B7B6-D011F887EA3F}.Release|x86.Build.0 = Release|x86
		{D5113013-701B-4F6A-AE90-02AA55AE2FF5}.Debug|Any CPU.ActiveCfg = Debug|x86
		{D5113013-701B-4F6A-AE90-02AA55AE2FF5}.Debug|x86.ActiveCfg = Debug|x86
		{D5113013-701B-4F6A-AE90-02AA55AE2FF5}.Debug|x86.Build.0 = Debug|x86
		{D5113013-701B-4F6A-AE90-02AA55AE2FF5}.Release|Any CPU.ActiveCfg = Release|x86
		{D5113013-701B-4F6A-AE90-02AA55AE2FF5}.Release|x86.ActiveCfg = Release|x86
		{D5113013-701B-4F6A-AE90-02AA55AE2FF5}.Release|x86.Build.0 = Release|x86
		{F749831C-D2DF-4E5B-ACA7-91D9CD60AC97}.Debug|Any CPU.ActiveCfg = Debug|x86
		{F749831C-D2DF-4E5B-ACA7-91D9CD60AC97}.Debug|x86.ActiveCfg = Debug|x86
		{F749831C-D2DF-4E5B-ACA7-91D9CD60AC97}.Debug|x86.Build.0 = Debug|x86
		{F749831C-D2DF-4E5B-ACA7-91D9CD60AC97}.Release|Any CPU.ActiveCfg = Release|x86
		{F749831C-D2DF-4E5B-ACA7-91D9CD60AC97}.Release|x86.ActiveCfg = Release|x86
		{F749831C-D2DF-4E5B-ACA7-91D9CD60AC97}.Release|x86.Build.0 = Release|x86
		{2FE7D52E-B38B-46C6-8C2D-A6D14D9C3B0D}.Debug|Any CPU.ActiveCfg = Debug|x86
		{2FE7D52E-B38B-46C6-8C2D-A6D14D9C3B0D}.Debug|x86.ActiveCfg = Debug|x86
		{2FE7D52E-B38B-46C6-8C2D-A6D14D9C3B0D}.Debug|x86.Build.0 = Debug|x86
		{2FE7D52E-B38B-46C6-8C2D-A6D14D9C3B0D}.Release|Any CPU.ActiveCfg = Release|x86
		{2FE7D52E-B38B-46C6-8C2D-A6D14D9C3B0D}.Release|x86.ActiveCfg = Release|x86
		{2FE7D52E-B38B-46C6-8C2D-A6D14D9C3B0D}.Release|x86.Build.0 = Release|x86
		{1B18B4E8-7171-4AB3-9E89-588723B59D28}.Debug|Any CPU.ActiveCfg = Debug|x86
		{1B18B4E8-7171-4AB3-9E89-588723B59D28}.Debug|x86.ActiveCfg = Debug|x86
		{1B18B4E8-7171-4AB3-9E89-588723B59D28}.Debug|x86.Build.0 = Debug|x86
		{1B18B4E8-7171-4AB3-9E89-588723B59D28}.Release|Any CPU.ActiveCfg = Release|x86
		{1B18B4E8-7171-4AB3-9E89-588723B59D28}.Release|x86.ActiveCfg = Release|x86
		{1B18B4E8-7171-4AB3-9E89-588723B59D28}.Release|x86.Build.0 = Release|x86
		{A0100BE5-A702-42D9-8B84-2DD4CE5782C6}.Debug|Any CPU.ActiveCfg = Debug|x86
		{A0100BE5-A702-42D9-8B84-2DD4CE5782C6}.Debug|x86.ActiveCfg = Debug|x86
		{A0100BE5-A702-42D9-8B84-2DD4CE5782C6}.Debug|x86.Build.0 = Debug|x86
		{A0100BE5-A702-42D9-8B84-2DD4CE5782C6}.Release|Any CPU.ActiveCfg = Release|x86
		{A0100BE5-A702-42D9-8B84-2DD4CE5782C6}.Release|x86.ActiveCfg = Release|x86
		{A0100BE5-A702-42D9-8B84-2DD4CE5782C6}.Release|x86.Build.0 = Release|x86
		{8A99D98D-B282-44B9-B058-4505226EF7B1}.Debug|Any CPU.ActiveCfg = Debug|x86
		{8A99D98D-B282-44B9-B058-4505226EF7B1}.Debug|x86.ActiveCfg = Debug|x86
		{8A99D98D-B282-44B9-B058-4505226EF7B1}.Debug|x86.Build.0 = Debug|x86
		{8A99D98D-B282-44B9-B058-4505226EF7B1}.Release|Any CPU.ActiveCfg = Release|x86
		{8A99D98D-B282-44B9-B058-4505226EF7B1}.Release|x86.ActiveCfg = Release|x86
		{8A99D98D-B282-44B9-B058-4505226EF7B1}.Release|x86.Build.0 = Release|x86
		{6FE628F6-DB51-4F17-8202-46B440EB561F}.Debug|Any CPU.ActiveCfg = Debug|x86
		{6FE628F6-DB51-4F17-8202-46B440EB561F}.Debug|x86.ActiveCfg = Debug|x86
		{6FE628F6-DB51-4F17-8202-46B440EB561F}.Debug|x86.Build.0 = Debug|x86
		{6FE628F6-DB51-4F17-8202-46B440EB561F}.Release|Any CPU.ActiveCfg = Release|x86
		{6FE628F6-DB51-4F17-8202-46B440EB561F}.Release|x86.ActiveCfg = Release|x86
		{6FE628F6-DB51-4F17-8202-46B440EB561F}.Release|x86.Build.0 = Release|x86
		{7C394224-E83B-48AE-91EF-78E33FA10710}.Debug|Any CPU.ActiveCfg = Debug|x86
		{7C394224-E83B-48AE-91EF-78E33FA10710}.Debug|x86.ActiveCfg = Debug|x86
		{7C394224-E83B-48AE-91EF-78E33FA10710}.Debug|x86.Build.0 = Debug|x86
		{7C394224-E83B-48AE-91EF-78E33FA10710}.Release|Any CPU.ActiveCfg = Release|x86
		{7C394224-E83B-48AE-91EF-78E33FA10710}.Release|x86.ActiveCfg = Release|x86
		{7C394224-E83B-48AE-91EF-78E33FA10710}.Release|x86.Build.0 = Release|x86
		{078EACF7-A032-45D2-BE06-12D1A029DEF1}.Debug|Any CPU.ActiveCfg = Debug|x86
		{078EACF7-A032-45D2-BE06-12D1A029DEF1}.Debug|x86.ActiveCfg = Debug|x86
		{078EACF7-A032-45D2-BE06-12D1A029DEF1}.Debug|x86.Build.0 = Debug|x86
		{078EACF7-A032-45D2-BE06-12D1A029DEF1}.Release|Any CPU.ActiveCfg = Release|x86
		{078EACF7-A032-45D2-BE06-12D1A029DEF1}.Release|x86.ActiveCfg = Release|x86
		{078EACF7-A032-45D2-BE06-12D1A029DEF1}.Release|x86.Build.0 = Release|x86
	EndGlobalSection
	GlobalSection(SolutionProperties) = preSolution
		HideSolutionNode = FALSE
	EndGlobalSection
EndGlobal
